DEPENDENCIES
  awesome_customers
    path: .
    metadata: true

GRAPH
  awesome_customers (0.2.0)
    sql_server (~> 2.4.0)
  chef-sugar (3.1.1)
  chef_handler (1.2.0)
  openssl (4.3.2)
    chef-sugar (>= 3.1.1)
  sql_server (2.4.0)
    openssl (>= 0.0.0)
    windows (>= 1.2.6)
  windows (1.38.1)
    chef_handler (>= 0.0.0)
